
Microsoft Visual Studio Solution File, Format Version 12.00
# Visual Studio 14
VisualStudioVersion = 14.0.23107.0
MinimumVisualStudioVersion = 10.0.40219.1
Project("{FAE04EC0-301F-11D3-BF4B-00C04F79EFBC}") = "BlogCMS", "BlogCMS\BlogCMS.csproj", "{A11CF52F-74FB-45FF-ADBD-3373FCC427CA}"
EndProject
Project("{FAE04EC0-301F-11D3-BF4B-00C04F79EFBC}") = "BlogCMS.Data", "BlogCMS.Data\BlogCMS.Data.csproj", "{8022CE29-DF99-4536-99DF-F006E2F14154}"
EndProject
Project("{FAE04EC0-301F-11D3-BF4B-00C04F79EFBC}") = "BlogCMS.Model", "BlogCMS.Model\BlogCMS.Model.csproj", "{C0C6E60A-EB9B-44DD-B7E7-4E0B327E3299}"
EndProject
Project("{FAE04EC0-301F-11D3-BF4B-00C04F79EFBC}") = "BlogCMS.Test", "BlogCMS.Test\BlogCMS.Test.csproj", "{85A2A670-42BB-46C6-9187-15654F87328E}"
EndProject
Global
	GlobalSection(SolutionConfigurationPlatforms) = preSolution
		Debug|Any CPU = Debug|Any CPU
		Release|Any CPU = Release|Any CPU
	EndGlobalSection
	GlobalSection(ProjectConfigurationPlatforms) = postSolution
		{A11CF52F-74FB-45FF-ADBD-3373FCC427CA}.Debug|Any CPU.ActiveCfg = Debug|Any CPU
		{A11CF52F-74FB-45FF-ADBD-3373FCC427CA}.Debug|Any CPU.Build.0 = Debug|Any CPU
		{A11CF52F-74FB-45FF-ADBD-3373FCC427CA}.Release|Any CPU.ActiveCfg = Release|Any CPU
		{A11CF52F-74FB-45FF-ADBD-3373FCC427CA}.Release|Any CPU.Build.0 = Release|Any CPU
		{8022CE29-DF99-4536-99DF-F006E2F14154}.Debug|Any CPU.ActiveCfg = Debug|Any CPU
		{8022CE29-DF99-4536-99DF-F006E2F14154}.Debug|Any CPU.Build.0 = Debug|Any CPU
		{8022CE29-DF99-4536-99DF-F006E2F14154}.Release|Any CPU.ActiveCfg = Release|Any CPU
		{8022CE29-DF99-4536-99DF-F006E2F14154}.Release|Any CPU.Build.0 = Release|Any CPU
		{C0C6E60A-EB9B-44DD-B7E7-4E0B327E3299}.Debug|Any CPU.ActiveCfg = Debug|Any CPU
		{C0C6E60A-EB9B-44DD-B7E7-4E0B327E3299}.Debug|Any CPU.Build.0 = Debug|Any CPU
		{C0C6E60A-EB9B-44DD-B7E7-4E0B327E3299}.Release|Any CPU.ActiveCfg = Release|Any CPU
		{C0C6E60A-EB9B-44DD-B7E7-4E0B327E3299}.Release|Any CPU.Build.0 = Release|Any CPU
		{85A2A670-42BB-46C6-9187-15654F87328E}.Debug|Any CPU.ActiveCfg = Debug|Any CPU
		{85A2A670-42BB-46C6-9187-15654F87328E}.Debug|Any CPU.Build.0 = Debug|Any CPU
		{85A2A670-42BB-46C6-9187-15654F87328E}.Release|Any CPU.ActiveCfg = Release|Any CPU
		{85A2A670-42BB-46C6-9187-15654F87328E}.Release|Any CPU.Build.0 = Release|Any CPU
	EndGlobalSection
	GlobalSection(SolutionProperties) = preSolution
		HideSolutionNode = FALSE
	EndGlobalSection
EndGlobal
